
Microsoft Visual Studio Solution File, Format Version 12.00
# Visual Studio Version 16
VisualStudioVersion = 16.0.30114.105
MinimumVisualStudioVersion = 10.0.40219.1
Project("{9A19103F-16F7-4668-BE54-9A1E7A4F7556}") = "PeligroSport", "PeligroSport\PeligroSport.csproj", "{F50B3223-DFDC-45BD-90FC-88616E110844}"
EndProject
Project("{FAE04EC0-301F-11D3-BF4B-00C04F79EFBC}") = "PeligroSport.Core", "PeligroSport.Core\PeligroSport.Core.csproj", "{1A75D34A-FA5A-46FC-95AA-8D981A144045}"
EndProject
Global
	GlobalSection(SolutionConfigurationPlatforms) = preSolution
		Debug|Any CPU = Debug|Any CPU
		Release|Any CPU = Release|Any CPU
	EndGlobalSection
	GlobalSection(ProjectConfigurationPlatforms) = postSolution
		{F50B3223-DFDC-45BD-90FC-88616E110844}.Debug|Any CPU.ActiveCfg = Debug|Any CPU
		{F50B3223-DFDC-45BD-90FC-88616E110844}.Debug|Any CPU.Build.0 = Debug|Any CPU
		{F50B3223-DFDC-45BD-90FC-88616E110844}.Release|Any CPU.ActiveCfg = Release|Any CPU
		{F50B3223-DFDC-45BD-90FC-88616E110844}.Release|Any CPU.Build.0 = Release|Any CPU
		{1A75D34A-FA5A-46FC-95AA-8D981A144045}.Debug|Any CPU.ActiveCfg = Debug|Any CPU
		{1A75D34A-FA5A-46FC-95AA-8D981A144045}.Debug|Any CPU.Build.0 = Debug|Any CPU
		{1A75D34A-FA5A-46FC-95AA-8D981A144045}.Release|Any CPU.ActiveCfg = Release|Any CPU
		{1A75D34A-FA5A-46FC-95AA-8D981A144045}.Release|Any CPU.Build.0 = Release|Any CPU
	EndGlobalSection
	GlobalSection(SolutionProperties) = preSolution
		HideSolutionNode = FALSE
	EndGlobalSection
	GlobalSection(ExtensibilityGlobals) = postSolution
		SolutionGuid = {2C897FBB-9736-40B1-A469-35D477480E3B}
	EndGlobalSection
EndGlobal
